
Microsoft Visual Studio Solution File, Format Version 12.00
# Visual Studio Version 16
VisualStudioVersion = 16.0.30128.74
MinimumVisualStudioVersion = 10.0.40219.1
Project("{FAE04EC0-301F-11D3-BF4B-00C04F79EFBC}") = "Server", "Server\Server.csproj", "{057DDF36-ACD2-4AAC-A3B2-EEBCAA524F8C}"
EndProject
Project("{FAE04EC0-301F-11D3-BF4B-00C04F79EFBC}") = "Klijent", "Klijent\Klijent.csproj", "{F28F1184-07C9-4AC6-BC95-F01575106A72}"
EndProject
Project("{FAE04EC0-301F-11D3-BF4B-00C04F79EFBC}") = "Domen", "Domen\Domen.csproj", "{763EEE7D-6854-412F-8F52-531EFA5A5830}"
EndProject
Global
	GlobalSection(SolutionConfigurationPlatforms) = preSolution
		Debug|Any CPU = Debug|Any CPU
		Release|Any CPU = Release|Any CPU
	EndGlobalSection
	GlobalSection(ProjectConfigurationPlatforms) = postSolution
		{057DDF36-ACD2-4AAC-A3B2-EEBCAA524F8C}.Debug|Any CPU.ActiveCfg = Debug|Any CPU
		{057DDF36-ACD2-4AAC-A3B2-EEBCAA524F8C}.Debug|Any CPU.Build.0 = Debug|Any CPU
		{057DDF36-ACD2-4AAC-A3B2-EEBCAA524F8C}.Release|Any CPU.ActiveCfg = Release|Any CPU
		{057DDF36-ACD2-4AAC-A3B2-EEBCAA524F8C}.Release|Any CPU.Build.0 = Release|Any CPU
		{F28F1184-07C9-4AC6-BC95-F01575106A72}.Debug|Any CPU.ActiveCfg = Debug|Any CPU
		{F28F1184-07C9-4AC6-BC95-F01575106A72}.Debug|Any CPU.Build.0 = Debug|Any CPU
		{F28F1184-07C9-4AC6-BC95-F01575106A72}.Release|Any CPU.ActiveCfg = Release|Any CPU
		{F28F1184-07C9-4AC6-BC95-F01575106A72}.Release|Any CPU.Build.0 = Release|Any CPU
		{763EEE7D-6854-412F-8F52-531EFA5A5830}.Debug|Any CPU.ActiveCfg = Debug|Any CPU
		{763EEE7D-6854-412F-8F52-531EFA5A5830}.Debug|Any CPU.Build.0 = Debug|Any CPU
		{763EEE7D-6854-412F-8F52-531EFA5A5830}.Release|Any CPU.ActiveCfg = Release|Any CPU
		{763EEE7D-6854-412F-8F52-531EFA5A5830}.Release|Any CPU.Build.0 = Release|Any CPU
	EndGlobalSection
	GlobalSection(SolutionProperties) = preSolution
		HideSolutionNode = FALSE
	EndGlobalSection
	GlobalSection(ExtensibilityGlobals) = postSolution
		SolutionGuid = {E181F795-F26D-44CB-9E9D-E891575273CA}
	EndGlobalSection
EndGlobal
